
Microsoft Visual Studio Solution File, Format Version 10.00
# Visual Studio 2008
Project("{FAE04EC0-301F-11D3-BF4B-00C04F79EFBC}") = "WindowsFormsApplication1", "WindowsFormsApplication1.csproj", "{7CC4FB9C-A402-400F-8887-2612C9F13D15}"
EndProject
Global
	GlobalSection(SolutionConfigurationPlatforms) = preSolution
		Debug|Any CPU = Debug|Any CPU
		Release|Any CPU = Release|Any CPU
	EndGlobalSection
	GlobalSection(ProjectConfigurationPlatforms) = postSolution
		{7CC4FB9C-A402-400F-8887-2612C9F13D15}.Debug|Any CPU.ActiveCfg = Debug|Any CPU
		{7CC4FB9C-A402-400F-8887-2612C9F13D15}.Debug|Any CPU.Build.0 = Debug|Any CPU
		{7CC4FB9C-A402-400F-8887-2612C9F13D15}.Release|Any CPU.ActiveCfg = Release|Any CPU
		{7CC4FB9C-A402-400F-8887-2612C9F13D15}.Release|Any CPU.Build.0 = Release|Any CPU
	EndGlobalSection
	GlobalSection(SolutionProperties) = preSolution
		HideSolutionNode = FALSE
	EndGlobalSection
EndGlobal
