
Microsoft Visual Studio Solution File, Format Version 10.00
# Visual Studio 2008
Project("{FAE04EC0-301F-11D3-BF4B-00C04F79EFBC}") = "rabdump", "rabdump.csproj", "{2E3AC590-15C2-4341-9F18-8DA91DEEDB31}"
EndProject
Project("{FAE04EC0-301F-11D3-BF4B-00C04F79EFBC}") = "engine", "..\rabnet\engine\engine.csproj", "{241724AB-0674-41CF-A8AD-224EEC248E40}"
EndProject
Project("{FAE04EC0-301F-11D3-BF4B-00C04F79EFBC}") = "db.mysql", "..\rabnet\db.mysql\db.mysql.csproj", "{B20A34DB-0FCD-4CFA-858E-16803387FF4F}"
EndProject
Global
	GlobalSection(SolutionConfigurationPlatforms) = preSolution
		Debug|Any CPU = Debug|Any CPU
		Demo|Any CPU = Demo|Any CPU
		Protected|Any CPU = Protected|Any CPU
		Release|Any CPU = Release|Any CPU
	EndGlobalSection
	GlobalSection(ProjectConfigurationPlatforms) = postSolution
		{2E3AC590-15C2-4341-9F18-8DA91DEEDB31}.Debug|Any CPU.ActiveCfg = Debug|Any CPU
		{2E3AC590-15C2-4341-9F18-8DA91DEEDB31}.Debug|Any CPU.Build.0 = Debug|Any CPU
		{2E3AC590-15C2-4341-9F18-8DA91DEEDB31}.Demo|Any CPU.ActiveCfg = Debug|Any CPU
		{2E3AC590-15C2-4341-9F18-8DA91DEEDB31}.Demo|Any CPU.Build.0 = Debug|Any CPU
		{2E3AC590-15C2-4341-9F18-8DA91DEEDB31}.Protected|Any CPU.ActiveCfg = Protected|Any CPU
		{2E3AC590-15C2-4341-9F18-8DA91DEEDB31}.Protected|Any CPU.Build.0 = Protected|Any CPU
		{2E3AC590-15C2-4341-9F18-8DA91DEEDB31}.Release|Any CPU.ActiveCfg = Release|Any CPU
		{2E3AC590-15C2-4341-9F18-8DA91DEEDB31}.Release|Any CPU.Build.0 = Release|Any CPU
		{241724AB-0674-41CF-A8AD-224EEC248E40}.Debug|Any CPU.ActiveCfg = Debug|Any CPU
		{241724AB-0674-41CF-A8AD-224EEC248E40}.Debug|Any CPU.Build.0 = Debug|Any CPU
		{241724AB-0674-41CF-A8AD-224EEC248E40}.Demo|Any CPU.ActiveCfg = Demo|Any CPU
		{241724AB-0674-41CF-A8AD-224EEC248E40}.Demo|Any CPU.Build.0 = Demo|Any CPU
		{241724AB-0674-41CF-A8AD-224EEC248E40}.Protected|Any CPU.ActiveCfg = Protected|Any CPU
		{241724AB-0674-41CF-A8AD-224EEC248E40}.Protected|Any CPU.Build.0 = Protected|Any CPU
		{241724AB-0674-41CF-A8AD-224EEC248E40}.Release|Any CPU.ActiveCfg = Release|Any CPU
		{241724AB-0674-41CF-A8AD-224EEC248E40}.Release|Any CPU.Build.0 = Release|Any CPU
		{B20A34DB-0FCD-4CFA-858E-16803387FF4F}.Debug|Any CPU.ActiveCfg = Debug|Any CPU
		{B20A34DB-0FCD-4CFA-858E-16803387FF4F}.Debug|Any CPU.Build.0 = Debug|Any CPU
		{B20A34DB-0FCD-4CFA-858E-16803387FF4F}.Demo|Any CPU.ActiveCfg = Demo|Any CPU
		{B20A34DB-0FCD-4CFA-858E-16803387FF4F}.Demo|Any CPU.Build.0 = Demo|Any CPU
		{B20A34DB-0FCD-4CFA-858E-16803387FF4F}.Protected|Any CPU.ActiveCfg = Protected|Any CPU
		{B20A34DB-0FCD-4CFA-858E-16803387FF4F}.Protected|Any CPU.Build.0 = Protected|Any CPU
		{B20A34DB-0FCD-4CFA-858E-16803387FF4F}.Release|Any CPU.ActiveCfg = Release|Any CPU
		{B20A34DB-0FCD-4CFA-858E-16803387FF4F}.Release|Any CPU.Build.0 = Release|Any CPU
	EndGlobalSection
	GlobalSection(SolutionProperties) = preSolution
		HideSolutionNode = FALSE
	EndGlobalSection
EndGlobal
