
Microsoft Visual Studio Solution File, Format Version 11.00
# Visual Studio 2010
Project("{FAE04EC0-301F-11D3-BF4B-00C04F79EFBC}") = "rabdump", "rabdump.csproj", "{2E3AC590-15C2-4341-9F18-8DA91DEEDB31}"
EndProject
Project("{FAE04EC0-301F-11D3-BF4B-00C04F79EFBC}") = "engine", "..\rabnet\engine\engine.csproj", "{241724AB-0674-41CF-A8AD-224EEC248E40}"
EndProject
Project("{FAE04EC0-301F-11D3-BF4B-00C04F79EFBC}") = "db.Interface", "..\rabnet\db.Interface\db.Interface.csproj", "{F23F4D6E-203C-419D-8A18-32DCABFA4175}"
EndProject
Project("{FAE04EC0-301F-11D3-BF4B-00C04F79EFBC}") = "CAS", "..\CasLp16\CAS.csproj", "{308BE49D-06D9-4CB9-ACAF-B133C815EB99}"
EndProject
Global
	GlobalSection(SolutionConfigurationPlatforms) = preSolution
		Debug|Any CPU = Debug|Any CPU
		Debug|x86 = Debug|x86
		Protected|Any CPU = Protected|Any CPU
		Protected|x86 = Protected|x86
		Release|Any CPU = Release|Any CPU
		Release|x86 = Release|x86
	EndGlobalSection
	GlobalSection(ProjectConfigurationPlatforms) = postSolution
		{2E3AC590-15C2-4341-9F18-8DA91DEEDB31}.Debug|Any CPU.ActiveCfg = Debug|Any CPU
		{2E3AC590-15C2-4341-9F18-8DA91DEEDB31}.Debug|Any CPU.Build.0 = Debug|Any CPU
		{2E3AC590-15C2-4341-9F18-8DA91DEEDB31}.Debug|x86.ActiveCfg = Debug|x86
		{2E3AC590-15C2-4341-9F18-8DA91DEEDB31}.Debug|x86.Build.0 = Debug|x86
		{2E3AC590-15C2-4341-9F18-8DA91DEEDB31}.Protected|Any CPU.ActiveCfg = Protected|Any CPU
		{2E3AC590-15C2-4341-9F18-8DA91DEEDB31}.Protected|Any CPU.Build.0 = Protected|Any CPU
		{2E3AC590-15C2-4341-9F18-8DA91DEEDB31}.Protected|x86.ActiveCfg = Protected|x86
		{2E3AC590-15C2-4341-9F18-8DA91DEEDB31}.Protected|x86.Build.0 = Protected|x86
		{2E3AC590-15C2-4341-9F18-8DA91DEEDB31}.Release|Any CPU.ActiveCfg = Release|Any CPU
		{2E3AC590-15C2-4341-9F18-8DA91DEEDB31}.Release|Any CPU.Build.0 = Release|Any CPU
		{2E3AC590-15C2-4341-9F18-8DA91DEEDB31}.Release|x86.ActiveCfg = Release|x86
		{2E3AC590-15C2-4341-9F18-8DA91DEEDB31}.Release|x86.Build.0 = Release|x86
		{241724AB-0674-41CF-A8AD-224EEC248E40}.Debug|Any CPU.ActiveCfg = Debug|Any CPU
		{241724AB-0674-41CF-A8AD-224EEC248E40}.Debug|Any CPU.Build.0 = Debug|Any CPU
		{241724AB-0674-41CF-A8AD-224EEC248E40}.Debug|x86.ActiveCfg = Debug|x86
		{241724AB-0674-41CF-A8AD-224EEC248E40}.Debug|x86.Build.0 = Debug|x86
		{241724AB-0674-41CF-A8AD-224EEC248E40}.Protected|Any CPU.ActiveCfg = Protected|Any CPU
		{241724AB-0674-41CF-A8AD-224EEC248E40}.Protected|Any CPU.Build.0 = Protected|Any CPU
		{241724AB-0674-41CF-A8AD-224EEC248E40}.Protected|x86.ActiveCfg = Protected|x86
		{241724AB-0674-41CF-A8AD-224EEC248E40}.Protected|x86.Build.0 = Protected|x86
		{241724AB-0674-41CF-A8AD-224EEC248E40}.Release|Any CPU.ActiveCfg = Release|Any CPU
		{241724AB-0674-41CF-A8AD-224EEC248E40}.Release|Any CPU.Build.0 = Release|Any CPU
		{241724AB-0674-41CF-A8AD-224EEC248E40}.Release|x86.ActiveCfg = Release|x86
		{241724AB-0674-41CF-A8AD-224EEC248E40}.Release|x86.Build.0 = Release|x86
		{F23F4D6E-203C-419D-8A18-32DCABFA4175}.Debug|Any CPU.ActiveCfg = Debug|Any CPU
		{F23F4D6E-203C-419D-8A18-32DCABFA4175}.Debug|Any CPU.Build.0 = Debug|Any CPU
		{F23F4D6E-203C-419D-8A18-32DCABFA4175}.Debug|x86.ActiveCfg = Debug|Any CPU
		{F23F4D6E-203C-419D-8A18-32DCABFA4175}.Protected|Any CPU.ActiveCfg = Release|Any CPU
		{F23F4D6E-203C-419D-8A18-32DCABFA4175}.Protected|Any CPU.Build.0 = Release|Any CPU
		{F23F4D6E-203C-419D-8A18-32DCABFA4175}.Protected|x86.ActiveCfg = Release|Any CPU
		{F23F4D6E-203C-419D-8A18-32DCABFA4175}.Release|Any CPU.ActiveCfg = Release|Any CPU
		{F23F4D6E-203C-419D-8A18-32DCABFA4175}.Release|Any CPU.Build.0 = Release|Any CPU
		{F23F4D6E-203C-419D-8A18-32DCABFA4175}.Release|x86.ActiveCfg = Release|Any CPU
		{308BE49D-06D9-4CB9-ACAF-B133C815EB99}.Debug|Any CPU.ActiveCfg = Debug|Any CPU
		{308BE49D-06D9-4CB9-ACAF-B133C815EB99}.Debug|Any CPU.Build.0 = Debug|Any CPU
		{308BE49D-06D9-4CB9-ACAF-B133C815EB99}.Debug|x86.ActiveCfg = Debug|x86
		{308BE49D-06D9-4CB9-ACAF-B133C815EB99}.Debug|x86.Build.0 = Debug|x86
		{308BE49D-06D9-4CB9-ACAF-B133C815EB99}.Protected|Any CPU.ActiveCfg = Release|x86
		{308BE49D-06D9-4CB9-ACAF-B133C815EB99}.Protected|x86.ActiveCfg = Release|x86
		{308BE49D-06D9-4CB9-ACAF-B133C815EB99}.Protected|x86.Build.0 = Release|x86
		{308BE49D-06D9-4CB9-ACAF-B133C815EB99}.Release|Any CPU.ActiveCfg = Release|Any CPU
		{308BE49D-06D9-4CB9-ACAF-B133C815EB99}.Release|Any CPU.Build.0 = Release|Any CPU
		{308BE49D-06D9-4CB9-ACAF-B133C815EB99}.Release|x86.ActiveCfg = Release|x86
		{308BE49D-06D9-4CB9-ACAF-B133C815EB99}.Release|x86.Build.0 = Release|x86
	EndGlobalSection
	GlobalSection(SolutionProperties) = preSolution
		HideSolutionNode = FALSE
	EndGlobalSection
EndGlobal
