
Microsoft Visual Studio Solution File, Format Version 10.00
# Visual Studio 2008
Project("{FAE04EC0-301F-11D3-BF4B-00C04F79EFBC}") = "rabdump", "rabdump.csproj", "{2E3AC590-15C2-4341-9F18-8DA91DEEDB31}"
EndProject
Global
	GlobalSection(SolutionConfigurationPlatforms) = preSolution
		Debug|Any CPU = Debug|Any CPU
		Protected|Any CPU = Protected|Any CPU
		Release|Any CPU = Release|Any CPU
	EndGlobalSection
	GlobalSection(ProjectConfigurationPlatforms) = postSolution
		{2E3AC590-15C2-4341-9F18-8DA91DEEDB31}.Debug|Any CPU.ActiveCfg = Debug|Any CPU
		{2E3AC590-15C2-4341-9F18-8DA91DEEDB31}.Debug|Any CPU.Build.0 = Debug|Any CPU
		{2E3AC590-15C2-4341-9F18-8DA91DEEDB31}.Protected|Any CPU.ActiveCfg = Protected|Any CPU
		{2E3AC590-15C2-4341-9F18-8DA91DEEDB31}.Protected|Any CPU.Build.0 = Protected|Any CPU
		{2E3AC590-15C2-4341-9F18-8DA91DEEDB31}.Release|Any CPU.ActiveCfg = Release|Any CPU
		{2E3AC590-15C2-4341-9F18-8DA91DEEDB31}.Release|Any CPU.Build.0 = Release|Any CPU
	EndGlobalSection
	GlobalSection(SolutionProperties) = preSolution
		HideSolutionNode = FALSE
	EndGlobalSection
EndGlobal
