
Microsoft Visual Studio Solution File, Format Version 11.00
# Visual Studio 2010
Project("{2150E333-8FDC-42A3-9474-1A3956D46DE8}") = "ReportPlugIns", "ReportPlugIns", "{908E03B8-81E4-4A61-B848-F9E34BE9F3B7}"
EndProject
Project("{FAE04EC0-301F-11D3-BF4B-00C04F79EFBC}") = "rabnet", "gui\rabnet.csproj", "{EFCCE992-8AB2-43AB-87DD-1BEC3E429345}"
	ProjectSection(ProjectDependencies) = postProject
		{A835C727-1EB1-490D-BEBC-5C88F382330B} = {A835C727-1EB1-490D-BEBC-5C88F382330B}
		{241724AB-0674-41CF-A8AD-224EEC248E40} = {241724AB-0674-41CF-A8AD-224EEC248E40}
		{B20A34DB-0FCD-4CFA-858E-16803387FF4F} = {B20A34DB-0FCD-4CFA-858E-16803387FF4F}
	EndProjectSection
EndProject
Project("{FAE04EC0-301F-11D3-BF4B-00C04F79EFBC}") = "engine", "engine\engine.csproj", "{241724AB-0674-41CF-A8AD-224EEC248E40}"
	ProjectSection(ProjectDependencies) = postProject
		{B20A34DB-0FCD-4CFA-858E-16803387FF4F} = {B20A34DB-0FCD-4CFA-858E-16803387FF4F}
	EndProjectSection
EndProject
Project("{FAE04EC0-301F-11D3-BF4B-00C04F79EFBC}") = "db.mysql", "db.mysql\db.mysql.csproj", "{B20A34DB-0FCD-4CFA-858E-16803387FF4F}"
EndProject
Project("{FAE04EC0-301F-11D3-BF4B-00C04F79EFBC}") = "gui_genetics", "gui_genetics\gui_genetics.csproj", "{A835C727-1EB1-490D-BEBC-5C88F382330B}"
EndProject
Project("{FAE04EC0-301F-11D3-BF4B-00C04F79EFBC}") = "Pickers", "..\libs\pickers\Pickers.csproj", "{9F02BE5E-50CC-487D-9092-2EE15E952B08}"
EndProject
Project("{FAE04EC0-301F-11D3-BF4B-00C04F79EFBC}") = "TestPlugIn", "ReportPlugIns\TestPlugIn\TestPlugIn.csproj", "{30EA7E1F-03D0-43BA-9169-0C4379AC5625}"
EndProject
Project("{FAE04EC0-301F-11D3-BF4B-00C04F79EFBC}") = "PopulationPlugIn", "ReportPlugIns\PopulationPlugIn\PopulationPlugIn.csproj", "{8F387BF5-3945-4244-B2FB-9F4112AFA269}"
EndProject
Project("{FAE04EC0-301F-11D3-BF4B-00C04F79EFBC}") = "OkrolPlanPlugIn", "ReportPlugIns\OkrolPlanPlugIn\OkrolPlanPlugIn.csproj", "{BE8B9EF5-C510-4F41-BFC5-D19FB25B9B8E}"
EndProject
Project("{FAE04EC0-301F-11D3-BF4B-00C04F79EFBC}") = "db.Interface", "db.Interface\db.Interface.csproj", "{F23F4D6E-203C-419D-8A18-32DCABFA4175}"
EndProject
Project("{FAE04EC0-301F-11D3-BF4B-00C04F79EFBC}") = "FemaleSummaryPlugIn", "ReportPlugIns\FemaleSummaryPlugIn\FemaleSummaryPlugIn.csproj", "{7A1E4A9B-2776-4F95-A501-2FB14C8A6CAF}"
EndProject
Global
	GlobalSection(SolutionConfigurationPlatforms) = preSolution
		Debug|Any CPU = Debug|Any CPU
		Debug|Mixed Platforms = Debug|Mixed Platforms
		Debug|x86 = Debug|x86
		Demo|Any CPU = Demo|Any CPU
		Demo|Mixed Platforms = Demo|Mixed Platforms
		Demo|x86 = Demo|x86
		Protected|Any CPU = Protected|Any CPU
		Protected|Mixed Platforms = Protected|Mixed Platforms
		Protected|x86 = Protected|x86
		Release|Any CPU = Release|Any CPU
		Release|Mixed Platforms = Release|Mixed Platforms
		Release|x86 = Release|x86
	EndGlobalSection
	GlobalSection(ProjectConfigurationPlatforms) = postSolution
		{EFCCE992-8AB2-43AB-87DD-1BEC3E429345}.Debug|Any CPU.ActiveCfg = Debug|Any CPU
		{EFCCE992-8AB2-43AB-87DD-1BEC3E429345}.Debug|Any CPU.Build.0 = Debug|Any CPU
		{EFCCE992-8AB2-43AB-87DD-1BEC3E429345}.Debug|Mixed Platforms.ActiveCfg = Debug|x86
		{EFCCE992-8AB2-43AB-87DD-1BEC3E429345}.Debug|Mixed Platforms.Build.0 = Debug|x86
		{EFCCE992-8AB2-43AB-87DD-1BEC3E429345}.Debug|x86.ActiveCfg = Debug|x86
		{EFCCE992-8AB2-43AB-87DD-1BEC3E429345}.Debug|x86.Build.0 = Debug|x86
		{EFCCE992-8AB2-43AB-87DD-1BEC3E429345}.Demo|Any CPU.ActiveCfg = Demo|Any CPU
		{EFCCE992-8AB2-43AB-87DD-1BEC3E429345}.Demo|Any CPU.Build.0 = Demo|Any CPU
		{EFCCE992-8AB2-43AB-87DD-1BEC3E429345}.Demo|Mixed Platforms.ActiveCfg = Demo|x86
		{EFCCE992-8AB2-43AB-87DD-1BEC3E429345}.Demo|Mixed Platforms.Build.0 = Demo|x86
		{EFCCE992-8AB2-43AB-87DD-1BEC3E429345}.Demo|x86.ActiveCfg = Demo|x86
		{EFCCE992-8AB2-43AB-87DD-1BEC3E429345}.Demo|x86.Build.0 = Demo|x86
		{EFCCE992-8AB2-43AB-87DD-1BEC3E429345}.Protected|Any CPU.ActiveCfg = Protected|Any CPU
		{EFCCE992-8AB2-43AB-87DD-1BEC3E429345}.Protected|Any CPU.Build.0 = Protected|Any CPU
		{EFCCE992-8AB2-43AB-87DD-1BEC3E429345}.Protected|Mixed Platforms.ActiveCfg = Protected|x86
		{EFCCE992-8AB2-43AB-87DD-1BEC3E429345}.Protected|Mixed Platforms.Build.0 = Protected|x86
		{EFCCE992-8AB2-43AB-87DD-1BEC3E429345}.Protected|x86.ActiveCfg = Protected|x86
		{EFCCE992-8AB2-43AB-87DD-1BEC3E429345}.Protected|x86.Build.0 = Protected|x86
		{EFCCE992-8AB2-43AB-87DD-1BEC3E429345}.Release|Any CPU.ActiveCfg = Release|Any CPU
		{EFCCE992-8AB2-43AB-87DD-1BEC3E429345}.Release|Any CPU.Build.0 = Release|Any CPU
		{EFCCE992-8AB2-43AB-87DD-1BEC3E429345}.Release|Mixed Platforms.ActiveCfg = Release|x86
		{EFCCE992-8AB2-43AB-87DD-1BEC3E429345}.Release|Mixed Platforms.Build.0 = Release|x86
		{EFCCE992-8AB2-43AB-87DD-1BEC3E429345}.Release|x86.ActiveCfg = Release|x86
		{EFCCE992-8AB2-43AB-87DD-1BEC3E429345}.Release|x86.Build.0 = Release|x86
		{241724AB-0674-41CF-A8AD-224EEC248E40}.Debug|Any CPU.ActiveCfg = Debug|Any CPU
		{241724AB-0674-41CF-A8AD-224EEC248E40}.Debug|Any CPU.Build.0 = Debug|Any CPU
		{241724AB-0674-41CF-A8AD-224EEC248E40}.Debug|Mixed Platforms.ActiveCfg = Debug|x86
		{241724AB-0674-41CF-A8AD-224EEC248E40}.Debug|Mixed Platforms.Build.0 = Debug|x86
		{241724AB-0674-41CF-A8AD-224EEC248E40}.Debug|x86.ActiveCfg = Debug|x86
		{241724AB-0674-41CF-A8AD-224EEC248E40}.Debug|x86.Build.0 = Debug|x86
		{241724AB-0674-41CF-A8AD-224EEC248E40}.Demo|Any CPU.ActiveCfg = Demo|Any CPU
		{241724AB-0674-41CF-A8AD-224EEC248E40}.Demo|Any CPU.Build.0 = Demo|Any CPU
		{241724AB-0674-41CF-A8AD-224EEC248E40}.Demo|Mixed Platforms.ActiveCfg = Demo|x86
		{241724AB-0674-41CF-A8AD-224EEC248E40}.Demo|Mixed Platforms.Build.0 = Demo|x86
		{241724AB-0674-41CF-A8AD-224EEC248E40}.Demo|x86.ActiveCfg = Demo|x86
		{241724AB-0674-41CF-A8AD-224EEC248E40}.Demo|x86.Build.0 = Demo|x86
		{241724AB-0674-41CF-A8AD-224EEC248E40}.Protected|Any CPU.ActiveCfg = Protected|Any CPU
		{241724AB-0674-41CF-A8AD-224EEC248E40}.Protected|Any CPU.Build.0 = Protected|Any CPU
		{241724AB-0674-41CF-A8AD-224EEC248E40}.Protected|Mixed Platforms.ActiveCfg = Protected|x86
		{241724AB-0674-41CF-A8AD-224EEC248E40}.Protected|Mixed Platforms.Build.0 = Protected|x86
		{241724AB-0674-41CF-A8AD-224EEC248E40}.Protected|x86.ActiveCfg = Protected|x86
		{241724AB-0674-41CF-A8AD-224EEC248E40}.Protected|x86.Build.0 = Protected|x86
		{241724AB-0674-41CF-A8AD-224EEC248E40}.Release|Any CPU.ActiveCfg = Release|Any CPU
		{241724AB-0674-41CF-A8AD-224EEC248E40}.Release|Any CPU.Build.0 = Release|Any CPU
		{241724AB-0674-41CF-A8AD-224EEC248E40}.Release|Mixed Platforms.ActiveCfg = Release|x86
		{241724AB-0674-41CF-A8AD-224EEC248E40}.Release|Mixed Platforms.Build.0 = Release|x86
		{241724AB-0674-41CF-A8AD-224EEC248E40}.Release|x86.ActiveCfg = Release|x86
		{241724AB-0674-41CF-A8AD-224EEC248E40}.Release|x86.Build.0 = Release|x86
		{B20A34DB-0FCD-4CFA-858E-16803387FF4F}.Debug|Any CPU.ActiveCfg = Debug|Any CPU
		{B20A34DB-0FCD-4CFA-858E-16803387FF4F}.Debug|Any CPU.Build.0 = Debug|Any CPU
		{B20A34DB-0FCD-4CFA-858E-16803387FF4F}.Debug|Mixed Platforms.ActiveCfg = Debug|x86
		{B20A34DB-0FCD-4CFA-858E-16803387FF4F}.Debug|Mixed Platforms.Build.0 = Debug|x86
		{B20A34DB-0FCD-4CFA-858E-16803387FF4F}.Debug|x86.ActiveCfg = Debug|x86
		{B20A34DB-0FCD-4CFA-858E-16803387FF4F}.Debug|x86.Build.0 = Debug|x86
		{B20A34DB-0FCD-4CFA-858E-16803387FF4F}.Demo|Any CPU.ActiveCfg = Demo|Any CPU
		{B20A34DB-0FCD-4CFA-858E-16803387FF4F}.Demo|Any CPU.Build.0 = Demo|Any CPU
		{B20A34DB-0FCD-4CFA-858E-16803387FF4F}.Demo|Mixed Platforms.ActiveCfg = Demo|x86
		{B20A34DB-0FCD-4CFA-858E-16803387FF4F}.Demo|Mixed Platforms.Build.0 = Demo|x86
		{B20A34DB-0FCD-4CFA-858E-16803387FF4F}.Demo|x86.ActiveCfg = Demo|x86
		{B20A34DB-0FCD-4CFA-858E-16803387FF4F}.Demo|x86.Build.0 = Demo|x86
		{B20A34DB-0FCD-4CFA-858E-16803387FF4F}.Protected|Any CPU.ActiveCfg = Protected|Any CPU
		{B20A34DB-0FCD-4CFA-858E-16803387FF4F}.Protected|Any CPU.Build.0 = Protected|Any CPU
		{B20A34DB-0FCD-4CFA-858E-16803387FF4F}.Protected|Mixed Platforms.ActiveCfg = Protected|x86
		{B20A34DB-0FCD-4CFA-858E-16803387FF4F}.Protected|Mixed Platforms.Build.0 = Protected|x86
		{B20A34DB-0FCD-4CFA-858E-16803387FF4F}.Protected|x86.ActiveCfg = Protected|x86
		{B20A34DB-0FCD-4CFA-858E-16803387FF4F}.Protected|x86.Build.0 = Protected|x86
		{B20A34DB-0FCD-4CFA-858E-16803387FF4F}.Release|Any CPU.ActiveCfg = Release|Any CPU
		{B20A34DB-0FCD-4CFA-858E-16803387FF4F}.Release|Any CPU.Build.0 = Release|Any CPU
		{B20A34DB-0FCD-4CFA-858E-16803387FF4F}.Release|Mixed Platforms.ActiveCfg = Release|x86
		{B20A34DB-0FCD-4CFA-858E-16803387FF4F}.Release|Mixed Platforms.Build.0 = Release|x86
		{B20A34DB-0FCD-4CFA-858E-16803387FF4F}.Release|x86.ActiveCfg = Release|x86
		{B20A34DB-0FCD-4CFA-858E-16803387FF4F}.Release|x86.Build.0 = Release|x86
		{A835C727-1EB1-490D-BEBC-5C88F382330B}.Debug|Any CPU.ActiveCfg = Debug|Any CPU
		{A835C727-1EB1-490D-BEBC-5C88F382330B}.Debug|Any CPU.Build.0 = Debug|Any CPU
		{A835C727-1EB1-490D-BEBC-5C88F382330B}.Debug|Mixed Platforms.ActiveCfg = Debug|x86
		{A835C727-1EB1-490D-BEBC-5C88F382330B}.Debug|Mixed Platforms.Build.0 = Debug|x86
		{A835C727-1EB1-490D-BEBC-5C88F382330B}.Debug|x86.ActiveCfg = Debug|x86
		{A835C727-1EB1-490D-BEBC-5C88F382330B}.Debug|x86.Build.0 = Debug|x86
		{A835C727-1EB1-490D-BEBC-5C88F382330B}.Demo|Any CPU.ActiveCfg = Demo|Any CPU
		{A835C727-1EB1-490D-BEBC-5C88F382330B}.Demo|Any CPU.Build.0 = Demo|Any CPU
		{A835C727-1EB1-490D-BEBC-5C88F382330B}.Demo|Mixed Platforms.ActiveCfg = Demo|x86
		{A835C727-1EB1-490D-BEBC-5C88F382330B}.Demo|Mixed Platforms.Build.0 = Demo|x86
		{A835C727-1EB1-490D-BEBC-5C88F382330B}.Demo|x86.ActiveCfg = Demo|x86
		{A835C727-1EB1-490D-BEBC-5C88F382330B}.Demo|x86.Build.0 = Demo|x86
		{A835C727-1EB1-490D-BEBC-5C88F382330B}.Protected|Any CPU.ActiveCfg = Protected|Any CPU
		{A835C727-1EB1-490D-BEBC-5C88F382330B}.Protected|Any CPU.Build.0 = Protected|Any CPU
		{A835C727-1EB1-490D-BEBC-5C88F382330B}.Protected|Mixed Platforms.ActiveCfg = Protected|x86
		{A835C727-1EB1-490D-BEBC-5C88F382330B}.Protected|Mixed Platforms.Build.0 = Protected|x86
		{A835C727-1EB1-490D-BEBC-5C88F382330B}.Protected|x86.ActiveCfg = Protected|x86
		{A835C727-1EB1-490D-BEBC-5C88F382330B}.Protected|x86.Build.0 = Protected|x86
		{A835C727-1EB1-490D-BEBC-5C88F382330B}.Release|Any CPU.ActiveCfg = Release|Any CPU
		{A835C727-1EB1-490D-BEBC-5C88F382330B}.Release|Any CPU.Build.0 = Release|Any CPU
		{A835C727-1EB1-490D-BEBC-5C88F382330B}.Release|Mixed Platforms.ActiveCfg = Release|x86
		{A835C727-1EB1-490D-BEBC-5C88F382330B}.Release|Mixed Platforms.Build.0 = Release|x86
		{A835C727-1EB1-490D-BEBC-5C88F382330B}.Release|x86.ActiveCfg = Release|x86
		{A835C727-1EB1-490D-BEBC-5C88F382330B}.Release|x86.Build.0 = Release|x86
		{9F02BE5E-50CC-487D-9092-2EE15E952B08}.Debug|Any CPU.ActiveCfg = Debug|Any CPU
		{9F02BE5E-50CC-487D-9092-2EE15E952B08}.Debug|Any CPU.Build.0 = Debug|Any CPU
		{9F02BE5E-50CC-487D-9092-2EE15E952B08}.Debug|Mixed Platforms.ActiveCfg = Debug|x86
		{9F02BE5E-50CC-487D-9092-2EE15E952B08}.Debug|Mixed Platforms.Build.0 = Debug|x86
		{9F02BE5E-50CC-487D-9092-2EE15E952B08}.Debug|x86.ActiveCfg = Debug|x86
		{9F02BE5E-50CC-487D-9092-2EE15E952B08}.Debug|x86.Build.0 = Debug|x86
		{9F02BE5E-50CC-487D-9092-2EE15E952B08}.Demo|Any CPU.ActiveCfg = Demo|Any CPU
		{9F02BE5E-50CC-487D-9092-2EE15E952B08}.Demo|Any CPU.Build.0 = Demo|Any CPU
		{9F02BE5E-50CC-487D-9092-2EE15E952B08}.Demo|Mixed Platforms.ActiveCfg = Demo|x86
		{9F02BE5E-50CC-487D-9092-2EE15E952B08}.Demo|Mixed Platforms.Build.0 = Demo|x86
		{9F02BE5E-50CC-487D-9092-2EE15E952B08}.Demo|x86.ActiveCfg = Demo|x86
		{9F02BE5E-50CC-487D-9092-2EE15E952B08}.Demo|x86.Build.0 = Demo|x86
		{9F02BE5E-50CC-487D-9092-2EE15E952B08}.Protected|Any CPU.ActiveCfg = Protected|Any CPU
		{9F02BE5E-50CC-487D-9092-2EE15E952B08}.Protected|Any CPU.Build.0 = Protected|Any CPU
		{9F02BE5E-50CC-487D-9092-2EE15E952B08}.Protected|Mixed Platforms.ActiveCfg = Protected|x86
		{9F02BE5E-50CC-487D-9092-2EE15E952B08}.Protected|Mixed Platforms.Build.0 = Protected|x86
		{9F02BE5E-50CC-487D-9092-2EE15E952B08}.Protected|x86.ActiveCfg = Protected|x86
		{9F02BE5E-50CC-487D-9092-2EE15E952B08}.Protected|x86.Build.0 = Protected|x86
		{9F02BE5E-50CC-487D-9092-2EE15E952B08}.Release|Any CPU.ActiveCfg = Release|Any CPU
		{9F02BE5E-50CC-487D-9092-2EE15E952B08}.Release|Any CPU.Build.0 = Release|Any CPU
		{9F02BE5E-50CC-487D-9092-2EE15E952B08}.Release|Mixed Platforms.ActiveCfg = Release|x86
		{9F02BE5E-50CC-487D-9092-2EE15E952B08}.Release|Mixed Platforms.Build.0 = Release|x86
		{9F02BE5E-50CC-487D-9092-2EE15E952B08}.Release|x86.ActiveCfg = Release|x86
		{9F02BE5E-50CC-487D-9092-2EE15E952B08}.Release|x86.Build.0 = Release|x86
		{30EA7E1F-03D0-43BA-9169-0C4379AC5625}.Debug|Any CPU.ActiveCfg = Debug|Any CPU
		{30EA7E1F-03D0-43BA-9169-0C4379AC5625}.Debug|Any CPU.Build.0 = Debug|Any CPU
		{30EA7E1F-03D0-43BA-9169-0C4379AC5625}.Debug|Mixed Platforms.ActiveCfg = Debug|x86
		{30EA7E1F-03D0-43BA-9169-0C4379AC5625}.Debug|Mixed Platforms.Build.0 = Debug|x86
		{30EA7E1F-03D0-43BA-9169-0C4379AC5625}.Debug|x86.ActiveCfg = Debug|x86
		{30EA7E1F-03D0-43BA-9169-0C4379AC5625}.Debug|x86.Build.0 = Debug|x86
		{30EA7E1F-03D0-43BA-9169-0C4379AC5625}.Demo|Any CPU.ActiveCfg = Demo|Any CPU
		{30EA7E1F-03D0-43BA-9169-0C4379AC5625}.Demo|Mixed Platforms.ActiveCfg = Demo|x86
		{30EA7E1F-03D0-43BA-9169-0C4379AC5625}.Demo|Mixed Platforms.Build.0 = Demo|x86
		{30EA7E1F-03D0-43BA-9169-0C4379AC5625}.Demo|x86.ActiveCfg = Debug|x86
		{30EA7E1F-03D0-43BA-9169-0C4379AC5625}.Demo|x86.Build.0 = Debug|x86
		{30EA7E1F-03D0-43BA-9169-0C4379AC5625}.Protected|Any CPU.ActiveCfg = Protected|Any CPU
		{30EA7E1F-03D0-43BA-9169-0C4379AC5625}.Protected|Any CPU.Build.0 = Protected|Any CPU
		{30EA7E1F-03D0-43BA-9169-0C4379AC5625}.Protected|Mixed Platforms.ActiveCfg = Protected|x86
		{30EA7E1F-03D0-43BA-9169-0C4379AC5625}.Protected|Mixed Platforms.Build.0 = Protected|x86
		{30EA7E1F-03D0-43BA-9169-0C4379AC5625}.Protected|x86.ActiveCfg = Release|x86
		{30EA7E1F-03D0-43BA-9169-0C4379AC5625}.Protected|x86.Build.0 = Release|x86
		{30EA7E1F-03D0-43BA-9169-0C4379AC5625}.Release|Any CPU.ActiveCfg = Release|Any CPU
		{30EA7E1F-03D0-43BA-9169-0C4379AC5625}.Release|Any CPU.Build.0 = Release|Any CPU
		{30EA7E1F-03D0-43BA-9169-0C4379AC5625}.Release|Mixed Platforms.ActiveCfg = Release|x86
		{30EA7E1F-03D0-43BA-9169-0C4379AC5625}.Release|Mixed Platforms.Build.0 = Release|x86
		{30EA7E1F-03D0-43BA-9169-0C4379AC5625}.Release|x86.ActiveCfg = Release|x86
		{30EA7E1F-03D0-43BA-9169-0C4379AC5625}.Release|x86.Build.0 = Release|x86
		{8F387BF5-3945-4244-B2FB-9F4112AFA269}.Debug|Any CPU.ActiveCfg = Debug|Any CPU
		{8F387BF5-3945-4244-B2FB-9F4112AFA269}.Debug|Any CPU.Build.0 = Debug|Any CPU
		{8F387BF5-3945-4244-B2FB-9F4112AFA269}.Debug|Mixed Platforms.ActiveCfg = Debug|x86
		{8F387BF5-3945-4244-B2FB-9F4112AFA269}.Debug|Mixed Platforms.Build.0 = Debug|x86
		{8F387BF5-3945-4244-B2FB-9F4112AFA269}.Debug|x86.ActiveCfg = Debug|x86
		{8F387BF5-3945-4244-B2FB-9F4112AFA269}.Debug|x86.Build.0 = Debug|x86
		{8F387BF5-3945-4244-B2FB-9F4112AFA269}.Demo|Any CPU.ActiveCfg = Demo|Any CPU
		{8F387BF5-3945-4244-B2FB-9F4112AFA269}.Demo|Mixed Platforms.ActiveCfg = Demo|x86
		{8F387BF5-3945-4244-B2FB-9F4112AFA269}.Demo|Mixed Platforms.Build.0 = Demo|x86
		{8F387BF5-3945-4244-B2FB-9F4112AFA269}.Demo|x86.ActiveCfg = Debug|x86
		{8F387BF5-3945-4244-B2FB-9F4112AFA269}.Demo|x86.Build.0 = Debug|x86
		{8F387BF5-3945-4244-B2FB-9F4112AFA269}.Protected|Any CPU.ActiveCfg = Protected|Any CPU
		{8F387BF5-3945-4244-B2FB-9F4112AFA269}.Protected|Any CPU.Build.0 = Protected|Any CPU
		{8F387BF5-3945-4244-B2FB-9F4112AFA269}.Protected|Mixed Platforms.ActiveCfg = Protected|x86
		{8F387BF5-3945-4244-B2FB-9F4112AFA269}.Protected|Mixed Platforms.Build.0 = Protected|x86
		{8F387BF5-3945-4244-B2FB-9F4112AFA269}.Protected|x86.ActiveCfg = Release|x86
		{8F387BF5-3945-4244-B2FB-9F4112AFA269}.Protected|x86.Build.0 = Release|x86
		{8F387BF5-3945-4244-B2FB-9F4112AFA269}.Release|Any CPU.ActiveCfg = Release|Any CPU
		{8F387BF5-3945-4244-B2FB-9F4112AFA269}.Release|Any CPU.Build.0 = Release|Any CPU
		{8F387BF5-3945-4244-B2FB-9F4112AFA269}.Release|Mixed Platforms.ActiveCfg = Release|x86
		{8F387BF5-3945-4244-B2FB-9F4112AFA269}.Release|Mixed Platforms.Build.0 = Release|x86
		{8F387BF5-3945-4244-B2FB-9F4112AFA269}.Release|x86.ActiveCfg = Release|x86
		{8F387BF5-3945-4244-B2FB-9F4112AFA269}.Release|x86.Build.0 = Release|x86
		{BE8B9EF5-C510-4F41-BFC5-D19FB25B9B8E}.Debug|Any CPU.ActiveCfg = Debug|Any CPU
		{BE8B9EF5-C510-4F41-BFC5-D19FB25B9B8E}.Debug|Any CPU.Build.0 = Debug|Any CPU
		{BE8B9EF5-C510-4F41-BFC5-D19FB25B9B8E}.Debug|Mixed Platforms.ActiveCfg = Debug|Any CPU
		{BE8B9EF5-C510-4F41-BFC5-D19FB25B9B8E}.Debug|Mixed Platforms.Build.0 = Debug|Any CPU
		{BE8B9EF5-C510-4F41-BFC5-D19FB25B9B8E}.Debug|x86.ActiveCfg = Debug|Any CPU
		{BE8B9EF5-C510-4F41-BFC5-D19FB25B9B8E}.Demo|Any CPU.ActiveCfg = Demo|Any CPU
		{BE8B9EF5-C510-4F41-BFC5-D19FB25B9B8E}.Demo|Mixed Platforms.ActiveCfg = Demo|Any CPU
		{BE8B9EF5-C510-4F41-BFC5-D19FB25B9B8E}.Demo|Mixed Platforms.Build.0 = Demo|Any CPU
		{BE8B9EF5-C510-4F41-BFC5-D19FB25B9B8E}.Demo|x86.ActiveCfg = Debug|Any CPU
		{BE8B9EF5-C510-4F41-BFC5-D19FB25B9B8E}.Protected|Any CPU.ActiveCfg = Protected|Any CPU
		{BE8B9EF5-C510-4F41-BFC5-D19FB25B9B8E}.Protected|Any CPU.Build.0 = Protected|Any CPU
		{BE8B9EF5-C510-4F41-BFC5-D19FB25B9B8E}.Protected|Mixed Platforms.ActiveCfg = Protected|x86
		{BE8B9EF5-C510-4F41-BFC5-D19FB25B9B8E}.Protected|Mixed Platforms.Build.0 = Protected|x86
		{BE8B9EF5-C510-4F41-BFC5-D19FB25B9B8E}.Protected|x86.ActiveCfg = Release|Any CPU
		{BE8B9EF5-C510-4F41-BFC5-D19FB25B9B8E}.Release|Any CPU.ActiveCfg = Release|Any CPU
		{BE8B9EF5-C510-4F41-BFC5-D19FB25B9B8E}.Release|Any CPU.Build.0 = Release|Any CPU
		{BE8B9EF5-C510-4F41-BFC5-D19FB25B9B8E}.Release|Mixed Platforms.ActiveCfg = Release|Any CPU
		{BE8B9EF5-C510-4F41-BFC5-D19FB25B9B8E}.Release|Mixed Platforms.Build.0 = Release|Any CPU
		{BE8B9EF5-C510-4F41-BFC5-D19FB25B9B8E}.Release|x86.ActiveCfg = Release|Any CPU
		{F23F4D6E-203C-419D-8A18-32DCABFA4175}.Debug|Any CPU.ActiveCfg = Debug|Any CPU
		{F23F4D6E-203C-419D-8A18-32DCABFA4175}.Debug|Any CPU.Build.0 = Debug|Any CPU
		{F23F4D6E-203C-419D-8A18-32DCABFA4175}.Debug|Mixed Platforms.ActiveCfg = Debug|x86
		{F23F4D6E-203C-419D-8A18-32DCABFA4175}.Debug|Mixed Platforms.Build.0 = Debug|x86
		{F23F4D6E-203C-419D-8A18-32DCABFA4175}.Debug|x86.ActiveCfg = Debug|x86
		{F23F4D6E-203C-419D-8A18-32DCABFA4175}.Demo|Any CPU.ActiveCfg = Demo|Any CPU
		{F23F4D6E-203C-419D-8A18-32DCABFA4175}.Demo|Any CPU.Build.0 = Demo|Any CPU
		{F23F4D6E-203C-419D-8A18-32DCABFA4175}.Demo|Mixed Platforms.ActiveCfg = Demo|x86
		{F23F4D6E-203C-419D-8A18-32DCABFA4175}.Demo|Mixed Platforms.Build.0 = Demo|x86
		{F23F4D6E-203C-419D-8A18-32DCABFA4175}.Demo|x86.ActiveCfg = Debug|Any CPU
		{F23F4D6E-203C-419D-8A18-32DCABFA4175}.Protected|Any CPU.ActiveCfg = Release|Any CPU
		{F23F4D6E-203C-419D-8A18-32DCABFA4175}.Protected|Any CPU.Build.0 = Release|Any CPU
		{F23F4D6E-203C-419D-8A18-32DCABFA4175}.Protected|Mixed Platforms.ActiveCfg = Protected|x86
		{F23F4D6E-203C-419D-8A18-32DCABFA4175}.Protected|Mixed Platforms.Build.0 = Protected|x86
		{F23F4D6E-203C-419D-8A18-32DCABFA4175}.Protected|x86.ActiveCfg = Release|Any CPU
		{F23F4D6E-203C-419D-8A18-32DCABFA4175}.Release|Any CPU.ActiveCfg = Release|Any CPU
		{F23F4D6E-203C-419D-8A18-32DCABFA4175}.Release|Any CPU.Build.0 = Release|Any CPU
		{F23F4D6E-203C-419D-8A18-32DCABFA4175}.Release|Mixed Platforms.ActiveCfg = Release|x86
		{F23F4D6E-203C-419D-8A18-32DCABFA4175}.Release|Mixed Platforms.Build.0 = Release|x86
		{F23F4D6E-203C-419D-8A18-32DCABFA4175}.Release|x86.ActiveCfg = Release|Any CPU
		{7A1E4A9B-2776-4F95-A501-2FB14C8A6CAF}.Debug|Any CPU.ActiveCfg = Debug|Any CPU
		{7A1E4A9B-2776-4F95-A501-2FB14C8A6CAF}.Debug|Any CPU.Build.0 = Debug|Any CPU
		{7A1E4A9B-2776-4F95-A501-2FB14C8A6CAF}.Debug|Mixed Platforms.ActiveCfg = Debug|x86
		{7A1E4A9B-2776-4F95-A501-2FB14C8A6CAF}.Debug|Mixed Platforms.Build.0 = Debug|x86
		{7A1E4A9B-2776-4F95-A501-2FB14C8A6CAF}.Debug|x86.ActiveCfg = Debug|x86
		{7A1E4A9B-2776-4F95-A501-2FB14C8A6CAF}.Debug|x86.Build.0 = Debug|x86
		{7A1E4A9B-2776-4F95-A501-2FB14C8A6CAF}.Demo|Any CPU.ActiveCfg = Debug|x86
		{7A1E4A9B-2776-4F95-A501-2FB14C8A6CAF}.Demo|Mixed Platforms.ActiveCfg = Debug|x86
		{7A1E4A9B-2776-4F95-A501-2FB14C8A6CAF}.Demo|Mixed Platforms.Build.0 = Debug|x86
		{7A1E4A9B-2776-4F95-A501-2FB14C8A6CAF}.Demo|x86.ActiveCfg = Debug|x86
		{7A1E4A9B-2776-4F95-A501-2FB14C8A6CAF}.Demo|x86.Build.0 = Debug|x86
		{7A1E4A9B-2776-4F95-A501-2FB14C8A6CAF}.Protected|Any CPU.ActiveCfg = Protected|Any CPU
		{7A1E4A9B-2776-4F95-A501-2FB14C8A6CAF}.Protected|Any CPU.Build.0 = Protected|Any CPU
		{7A1E4A9B-2776-4F95-A501-2FB14C8A6CAF}.Protected|Mixed Platforms.ActiveCfg = Release|x86
		{7A1E4A9B-2776-4F95-A501-2FB14C8A6CAF}.Protected|Mixed Platforms.Build.0 = Release|x86
		{7A1E4A9B-2776-4F95-A501-2FB14C8A6CAF}.Protected|x86.ActiveCfg = Release|x86
		{7A1E4A9B-2776-4F95-A501-2FB14C8A6CAF}.Protected|x86.Build.0 = Release|x86
		{7A1E4A9B-2776-4F95-A501-2FB14C8A6CAF}.Release|Any CPU.ActiveCfg = Release|Any CPU
		{7A1E4A9B-2776-4F95-A501-2FB14C8A6CAF}.Release|Any CPU.Build.0 = Release|Any CPU
		{7A1E4A9B-2776-4F95-A501-2FB14C8A6CAF}.Release|Mixed Platforms.ActiveCfg = Release|x86
		{7A1E4A9B-2776-4F95-A501-2FB14C8A6CAF}.Release|Mixed Platforms.Build.0 = Release|x86
		{7A1E4A9B-2776-4F95-A501-2FB14C8A6CAF}.Release|x86.ActiveCfg = Release|x86
		{7A1E4A9B-2776-4F95-A501-2FB14C8A6CAF}.Release|x86.Build.0 = Release|x86
	EndGlobalSection
	GlobalSection(SolutionProperties) = preSolution
		HideSolutionNode = FALSE
	EndGlobalSection
	GlobalSection(NestedProjects) = preSolution
		{30EA7E1F-03D0-43BA-9169-0C4379AC5625} = {908E03B8-81E4-4A61-B848-F9E34BE9F3B7}
		{8F387BF5-3945-4244-B2FB-9F4112AFA269} = {908E03B8-81E4-4A61-B848-F9E34BE9F3B7}
		{BE8B9EF5-C510-4F41-BFC5-D19FB25B9B8E} = {908E03B8-81E4-4A61-B848-F9E34BE9F3B7}
		{7A1E4A9B-2776-4F95-A501-2FB14C8A6CAF} = {908E03B8-81E4-4A61-B848-F9E34BE9F3B7}
	EndGlobalSection
EndGlobal
