
Microsoft Visual Studio Solution File, Format Version 10.00
# Visual Studio 2008
Project("{FAE04EC0-301F-11D3-BF4B-00C04F79EFBC}") = "enduser_app", "enduser_app\enduser_app.csproj", "{B2219D00-974C-499D-93DD-56D1B888F91B}"
EndProject
Project("{FAE04EC0-301F-11D3-BF4B-00C04F79EFBC}") = "vendor_app", "vendor_app\vendor_app.csproj", "{F426F361-96BB-4BC3-BDF4-FCD74141B35A}"
	ProjectSection(ProjectDependencies) = postProject
		{B2219D00-974C-499D-93DD-56D1B888F91B} = {B2219D00-974C-499D-93DD-56D1B888F91B}
	EndProjectSection
EndProject
Project("{FAE04EC0-301F-11D3-BF4B-00C04F79EFBC}") = "VendorCRM", "VendorCRM\VendorCRM.csproj", "{62B6F5C3-EC18-415C-BFF6-F0750BD4D4AC}"
EndProject
Global
	GlobalSection(PowerDesigner) = preSolution
		HasSWS = 1
	EndGlobalSection
	GlobalSection(SolutionConfigurationPlatforms) = preSolution
		Debug|Any CPU = Debug|Any CPU
		Release|Any CPU = Release|Any CPU
	EndGlobalSection
	GlobalSection(ProjectConfigurationPlatforms) = postSolution
		{B2219D00-974C-499D-93DD-56D1B888F91B}.Debug|Any CPU.ActiveCfg = Debug|Any CPU
		{B2219D00-974C-499D-93DD-56D1B888F91B}.Debug|Any CPU.Build.0 = Debug|Any CPU
		{B2219D00-974C-499D-93DD-56D1B888F91B}.Release|Any CPU.ActiveCfg = Release|Any CPU
		{B2219D00-974C-499D-93DD-56D1B888F91B}.Release|Any CPU.Build.0 = Release|Any CPU
		{F426F361-96BB-4BC3-BDF4-FCD74141B35A}.Debug|Any CPU.ActiveCfg = Debug|Any CPU
		{F426F361-96BB-4BC3-BDF4-FCD74141B35A}.Debug|Any CPU.Build.0 = Debug|Any CPU
		{F426F361-96BB-4BC3-BDF4-FCD74141B35A}.Release|Any CPU.ActiveCfg = Release|Any CPU
		{F426F361-96BB-4BC3-BDF4-FCD74141B35A}.Release|Any CPU.Build.0 = Release|Any CPU
		{62B6F5C3-EC18-415C-BFF6-F0750BD4D4AC}.Debug|Any CPU.ActiveCfg = Debug|Any CPU
		{62B6F5C3-EC18-415C-BFF6-F0750BD4D4AC}.Debug|Any CPU.Build.0 = Debug|Any CPU
		{62B6F5C3-EC18-415C-BFF6-F0750BD4D4AC}.Release|Any CPU.ActiveCfg = Release|Any CPU
		{62B6F5C3-EC18-415C-BFF6-F0750BD4D4AC}.Release|Any CPU.Build.0 = Release|Any CPU
	EndGlobalSection
	GlobalSection(SolutionProperties) = preSolution
		HideSolutionNode = FALSE
	EndGlobalSection
EndGlobal
